
Microsoft Visual Studio Solution File, Format Version 12.00
# Visual Studio Version 17
VisualStudioVersion = 17.1.32414.318
MinimumVisualStudioVersion = 10.0.40219.1
Project("{9A19103F-16F7-4668-BE54-9A1E7A4F7556}") = "BotBase", "BotBase.csproj", "{053EA991-99FB-4917-A6B4-5314E7917670}"
EndProject
Global
	GlobalSection(SolutionConfigurationPlatforms) = preSolution
		Debug|Any CPU = Debug|Any CPU
		Release|Any CPU = Release|Any CPU
	EndGlobalSection
	GlobalSection(ProjectConfigurationPlatforms) = postSolution
		{053EA991-99FB-4917-A6B4-5314E7917670}.Debug|Any CPU.ActiveCfg = Debug|Any CPU
		{053EA991-99FB-4917-A6B4-5314E7917670}.Debug|Any CPU.Build.0 = Debug|Any CPU
		{053EA991-99FB-4917-A6B4-5314E7917670}.Release|Any CPU.ActiveCfg = Release|Any CPU
		{053EA991-99FB-4917-A6B4-5314E7917670}.Release|Any CPU.Build.0 = Release|Any CPU
	EndGlobalSection
	GlobalSection(SolutionProperties) = preSolution
		HideSolutionNode = FALSE
	EndGlobalSection
	GlobalSection(ExtensibilityGlobals) = postSolution
		SolutionGuid = {AB160B15-9BC7-4656-AC4B-72E79699CD88}
	EndGlobalSection
EndGlobal
